
Microsoft Visual Studio Solution File, Format Version 12.00
# Visual Studio 15
VisualStudioVersion = 15.0.26124.0
MinimumVisualStudioVersion = 15.0.26124.0
Project("{2150E333-8FDC-42A3-9474-1A3956D46DE8}") = "src", "src", "{06C2FF89-3CF5-4052-B4EF-5353507F2ED8}"
EndProject
Project("{FAE04EC0-301F-11D3-BF4B-00C04F79EFBC}") = "Howlett.Kafka.Extensions", "src\Howlett.Kafka.Extensions\Howlett.Kafka.Extensions.csproj", "{773CA4EF-B423-4537-9CA8-1C086A7A4B1F}"
EndProject
Project("{2150E333-8FDC-42A3-9474-1A3956D46DE8}") = "examples", "examples", "{1D20AE68-6944-4A0D-A9A8-9FE8ADB6E6A9}"
EndProject
Project("{FAE04EC0-301F-11D3-BF4B-00C04F79EFBC}") = "Stateless", "examples\Stateless\Stateless.csproj", "{AAD3A04E-F02A-4075-BE5F-1D285F39400A}"
EndProject
Project("{FAE04EC0-301F-11D3-BF4B-00C04F79EFBC}") = "AsyncProcessor", "examples\AsyncProcessor\AsyncProcessor.csproj", "{7391054C-8D13-497D-B358-EF03A8DC9DDB}"
EndProject
Project("{FAE04EC0-301F-11D3-BF4B-00C04F79EFBC}") = "AdminClient", "examples\AdminClient\AdminClient.csproj", "{3477D313-6DC3-42B5-9D00-5CC0275239A1}"
EndProject
Global
	GlobalSection(SolutionConfigurationPlatforms) = preSolution
		Debug|Any CPU = Debug|Any CPU
		Debug|x64 = Debug|x64
		Debug|x86 = Debug|x86
		Release|Any CPU = Release|Any CPU
		Release|x64 = Release|x64
		Release|x86 = Release|x86
	EndGlobalSection
	GlobalSection(SolutionProperties) = preSolution
		HideSolutionNode = FALSE
	EndGlobalSection
	GlobalSection(ProjectConfigurationPlatforms) = postSolution
		{773CA4EF-B423-4537-9CA8-1C086A7A4B1F}.Debug|Any CPU.ActiveCfg = Debug|Any CPU
		{773CA4EF-B423-4537-9CA8-1C086A7A4B1F}.Debug|Any CPU.Build.0 = Debug|Any CPU
		{773CA4EF-B423-4537-9CA8-1C086A7A4B1F}.Debug|x64.ActiveCfg = Debug|Any CPU
		{773CA4EF-B423-4537-9CA8-1C086A7A4B1F}.Debug|x64.Build.0 = Debug|Any CPU
		{773CA4EF-B423-4537-9CA8-1C086A7A4B1F}.Debug|x86.ActiveCfg = Debug|Any CPU
		{773CA4EF-B423-4537-9CA8-1C086A7A4B1F}.Debug|x86.Build.0 = Debug|Any CPU
		{773CA4EF-B423-4537-9CA8-1C086A7A4B1F}.Release|Any CPU.ActiveCfg = Release|Any CPU
		{773CA4EF-B423-4537-9CA8-1C086A7A4B1F}.Release|Any CPU.Build.0 = Release|Any CPU
		{773CA4EF-B423-4537-9CA8-1C086A7A4B1F}.Release|x64.ActiveCfg = Release|Any CPU
		{773CA4EF-B423-4537-9CA8-1C086A7A4B1F}.Release|x64.Build.0 = Release|Any CPU
		{773CA4EF-B423-4537-9CA8-1C086A7A4B1F}.Release|x86.ActiveCfg = Release|Any CPU
		{773CA4EF-B423-4537-9CA8-1C086A7A4B1F}.Release|x86.Build.0 = Release|Any CPU
		{AAD3A04E-F02A-4075-BE5F-1D285F39400A}.Debug|Any CPU.ActiveCfg = Debug|Any CPU
		{AAD3A04E-F02A-4075-BE5F-1D285F39400A}.Debug|Any CPU.Build.0 = Debug|Any CPU
		{AAD3A04E-F02A-4075-BE5F-1D285F39400A}.Debug|x64.ActiveCfg = Debug|Any CPU
		{AAD3A04E-F02A-4075-BE5F-1D285F39400A}.Debug|x64.Build.0 = Debug|Any CPU
		{AAD3A04E-F02A-4075-BE5F-1D285F39400A}.Debug|x86.ActiveCfg = Debug|Any CPU
		{AAD3A04E-F02A-4075-BE5F-1D285F39400A}.Debug|x86.Build.0 = Debug|Any CPU
		{AAD3A04E-F02A-4075-BE5F-1D285F39400A}.Release|Any CPU.ActiveCfg = Release|Any CPU
		{AAD3A04E-F02A-4075-BE5F-1D285F39400A}.Release|Any CPU.Build.0 = Release|Any CPU
		{AAD3A04E-F02A-4075-BE5F-1D285F39400A}.Release|x64.ActiveCfg = Release|Any CPU
		{AAD3A04E-F02A-4075-BE5F-1D285F39400A}.Release|x64.Build.0 = Release|Any CPU
		{AAD3A04E-F02A-4075-BE5F-1D285F39400A}.Release|x86.ActiveCfg = Release|Any CPU
		{AAD3A04E-F02A-4075-BE5F-1D285F39400A}.Release|x86.Build.0 = Release|Any CPU
		{7391054C-8D13-497D-B358-EF03A8DC9DDB}.Debug|Any CPU.ActiveCfg = Debug|Any CPU
		{7391054C-8D13-497D-B358-EF03A8DC9DDB}.Debug|Any CPU.Build.0 = Debug|Any CPU
		{7391054C-8D13-497D-B358-EF03A8DC9DDB}.Debug|x64.ActiveCfg = Debug|Any CPU
		{7391054C-8D13-497D-B358-EF03A8DC9DDB}.Debug|x64.Build.0 = Debug|Any CPU
		{7391054C-8D13-497D-B358-EF03A8DC9DDB}.Debug|x86.ActiveCfg = Debug|Any CPU
		{7391054C-8D13-497D-B358-EF03A8DC9DDB}.Debug|x86.Build.0 = Debug|Any CPU
		{7391054C-8D13-497D-B358-EF03A8DC9DDB}.Release|Any CPU.ActiveCfg = Release|Any CPU
		{7391054C-8D13-497D-B358-EF03A8DC9DDB}.Release|Any CPU.Build.0 = Release|Any CPU
		{7391054C-8D13-497D-B358-EF03A8DC9DDB}.Release|x64.ActiveCfg = Release|Any CPU
		{7391054C-8D13-497D-B358-EF03A8DC9DDB}.Release|x64.Build.0 = Release|Any CPU
		{7391054C-8D13-497D-B358-EF03A8DC9DDB}.Release|x86.ActiveCfg = Release|Any CPU
		{7391054C-8D13-497D-B358-EF03A8DC9DDB}.Release|x86.Build.0 = Release|Any CPU
		{3477D313-6DC3-42B5-9D00-5CC0275239A1}.Debug|Any CPU.ActiveCfg = Debug|Any CPU
		{3477D313-6DC3-42B5-9D00-5CC0275239A1}.Debug|Any CPU.Build.0 = Debug|Any CPU
		{3477D313-6DC3-42B5-9D00-5CC0275239A1}.Debug|x64.ActiveCfg = Debug|Any CPU
		{3477D313-6DC3-42B5-9D00-5CC0275239A1}.Debug|x64.Build.0 = Debug|Any CPU
		{3477D313-6DC3-42B5-9D00-5CC0275239A1}.Debug|x86.ActiveCfg = Debug|Any CPU
		{3477D313-6DC3-42B5-9D00-5CC0275239A1}.Debug|x86.Build.0 = Debug|Any CPU
		{3477D313-6DC3-42B5-9D00-5CC0275239A1}.Release|Any CPU.ActiveCfg = Release|Any CPU
		{3477D313-6DC3-42B5-9D00-5CC0275239A1}.Release|Any CPU.Build.0 = Release|Any CPU
		{3477D313-6DC3-42B5-9D00-5CC0275239A1}.Release|x64.ActiveCfg = Release|Any CPU
		{3477D313-6DC3-42B5-9D00-5CC0275239A1}.Release|x64.Build.0 = Release|Any CPU
		{3477D313-6DC3-42B5-9D00-5CC0275239A1}.Release|x86.ActiveCfg = Release|Any CPU
		{3477D313-6DC3-42B5-9D00-5CC0275239A1}.Release|x86.Build.0 = Release|Any CPU
	EndGlobalSection
	GlobalSection(NestedProjects) = preSolution
		{773CA4EF-B423-4537-9CA8-1C086A7A4B1F} = {06C2FF89-3CF5-4052-B4EF-5353507F2ED8}
		{AAD3A04E-F02A-4075-BE5F-1D285F39400A} = {1D20AE68-6944-4A0D-A9A8-9FE8ADB6E6A9}
		{7391054C-8D13-497D-B358-EF03A8DC9DDB} = {1D20AE68-6944-4A0D-A9A8-9FE8ADB6E6A9}
		{3477D313-6DC3-42B5-9D00-5CC0275239A1} = {1D20AE68-6944-4A0D-A9A8-9FE8ADB6E6A9}
	EndGlobalSection
EndGlobal
